
Microsoft Visual Studio Solution File, Format Version 12.00
# Visual Studio Version 17
VisualStudioVersion = 17.11.35312.102
MinimumVisualStudioVersion = 10.0.40219.1
Project("{FAE04EC0-301F-11D3-BF4B-00C04F79EFBC}") = "PracticalWork2", "PracticalWork2\PracticalWork2.csproj", "{3795E2E5-7146-4EA5-B476-D85BBDAC3215}"
EndProject
Global
	GlobalSection(SolutionConfigurationPlatforms) = preSolution
		Debug|Any CPU = Debug|Any CPU
		Release|Any CPU = Release|Any CPU
	EndGlobalSection
	GlobalSection(ProjectConfigurationPlatforms) = postSolution
		{3795E2E5-7146-4EA5-B476-D85BBDAC3215}.Debug|Any CPU.ActiveCfg = Debug|Any CPU
		{3795E2E5-7146-4EA5-B476-D85BBDAC3215}.Debug|Any CPU.Build.0 = Debug|Any CPU
		{3795E2E5-7146-4EA5-B476-D85BBDAC3215}.Release|Any CPU.ActiveCfg = Release|Any CPU
		{3795E2E5-7146-4EA5-B476-D85BBDAC3215}.Release|Any CPU.Build.0 = Release|Any CPU
	EndGlobalSection
	GlobalSection(SolutionProperties) = preSolution
		HideSolutionNode = FALSE
	EndGlobalSection
	GlobalSection(ExtensibilityGlobals) = postSolution
		SolutionGuid = {6D17D1A1-3FDB-49F7-B4DE-6A983490A918}
	EndGlobalSection
EndGlobal
